
Microsoft Visual Studio Solution File, Format Version 12.00
# Visual Studio Version 16
VisualStudioVersion = 16.0.29613.14
MinimumVisualStudioVersion = 10.0.40219.1
Project("{FAE04EC0-301F-11D3-BF4B-00C04F79EFBC}") = "UZNRKT", "UZNRKT.csproj", "{D620F582-F03C-4C3F-8F36-97C25740B27B}"
EndProject
Global
	GlobalSection(SolutionConfigurationPlatforms) = preSolution
		Debug|Any CPU = Debug|Any CPU
		Release|Any CPU = Release|Any CPU
	EndGlobalSection
	GlobalSection(ProjectConfigurationPlatforms) = postSolution
		{D620F582-F03C-4C3F-8F36-97C25740B27B}.Debug|Any CPU.ActiveCfg = Debug|Any CPU
		{D620F582-F03C-4C3F-8F36-97C25740B27B}.Debug|Any CPU.Build.0 = Debug|Any CPU
		{D620F582-F03C-4C3F-8F36-97C25740B27B}.Release|Any CPU.ActiveCfg = Release|Any CPU
		{D620F582-F03C-4C3F-8F36-97C25740B27B}.Release|Any CPU.Build.0 = Release|Any CPU
	EndGlobalSection
	GlobalSection(SolutionProperties) = preSolution
		HideSolutionNode = FALSE
	EndGlobalSection
	GlobalSection(ExtensibilityGlobals) = postSolution
		SolutionGuid = {7F7D0C49-7B6F-474A-8FDC-2D369B226613}
	EndGlobalSection
EndGlobal
